
Microsoft Visual Studio Solution File, Format Version 12.00
# Visual Studio Version 17
VisualStudioVersion = 17.10.35122.118
MinimumVisualStudioVersion = 10.0.40219.1
Project("{FAE04EC0-301F-11D3-BF4B-00C04F79EFBC}") = "AI-ImageGeneratorApp", "AI-ImageGeneratorApp\AI-ImageGeneratorApp.csproj", "{0590D054-C70A-41B3-B843-C2AF91BC92FA}"
EndProject
Global
	GlobalSection(SolutionConfigurationPlatforms) = preSolution
		Debug|Any CPU = Debug|Any CPU
		Release|Any CPU = Release|Any CPU
	EndGlobalSection
	GlobalSection(ProjectConfigurationPlatforms) = postSolution
		{0590D054-C70A-41B3-B843-C2AF91BC92FA}.Debug|Any CPU.ActiveCfg = Debug|Any CPU
		{0590D054-C70A-41B3-B843-C2AF91BC92FA}.Debug|Any CPU.Build.0 = Debug|Any CPU
		{0590D054-C70A-41B3-B843-C2AF91BC92FA}.Debug|Any CPU.Deploy.0 = Debug|Any CPU
		{0590D054-C70A-41B3-B843-C2AF91BC92FA}.Release|Any CPU.ActiveCfg = Release|Any CPU
		{0590D054-C70A-41B3-B843-C2AF91BC92FA}.Release|Any CPU.Build.0 = Release|Any CPU
		{0590D054-C70A-41B3-B843-C2AF91BC92FA}.Release|Any CPU.Deploy.0 = Release|Any CPU
	EndGlobalSection
	GlobalSection(SolutionProperties) = preSolution
		HideSolutionNode = FALSE
	EndGlobalSection
	GlobalSection(ExtensibilityGlobals) = postSolution
		SolutionGuid = {F303D0EF-FFC9-4184-AA93-5B05A9EA44C7}
	EndGlobalSection
EndGlobal
